{
  "name": "@softprovider-remote-tasks/app_remote_tasks__data_server",
  "version": "0.0.1",
  "lockfileVersion": 2,
  "requires": true,
  "packages": {
    "": {
      "name": "@softprovider-remote-tasks/app_remote_tasks__data_server",
      "version": "0.0.1",
      "license": "ISC",
      "peerDependencies": {
        "@aykelith/xalgenezis-expressjs-data": "^1.0.2"
      }
    },
    "node_modules/@aykelith/xalgenezis-expressjs-data": {
      "version": "1.0.2",
      "resolved": "https://npm.pkg.github.com/download/@aykelith/xalgenezis-expressjs-data/1.0.2/7036c182bd504de022b8df9666e64658f65494bc956c0aa92b6b09da34ed0fc8",
      "integrity": "sha512-dnlvHXKrQwC0PF+HQ1AHuYw4/9U/p9BGqit+GamqNkncP/W5GbVo7fSJSCpQ0JaAOnMXrIE76Ly7CdBQUqb1Pg==",
      "license": "MIT",
      "peer": true
    }
  },
  "dependencies": {
    "@aykelith/xalgenezis-expressjs-data": {
      "version": "1.0.2",
      "resolved": "https://npm.pkg.github.com/download/@aykelith/xalgenezis-expressjs-data/1.0.2/7036c182bd504de022b8df9666e64658f65494bc956c0aa92b6b09da34ed0fc8",
      "integrity": "sha512-dnlvHXKrQwC0PF+HQ1AHuYw4/9U/p9BGqit+GamqNkncP/W5GbVo7fSJSCpQ0JaAOnMXrIE76Ly7CdBQUqb1Pg==",
      "peer": true
    }
  }
}
